// !$*UTF8*$!
{
	archiveVersion = 1;
	classes = {
	};
	objectVersion = 50;
	objects = {

/* Begin PBXBuildFile section */
		717E12462325E4410082DEC6 /* AppDelegate.swift in Sources */ = {isa = PBXBuildFile; fileRef = 717E12452325E4410082DEC6 /* AppDelegate.swift */; };
		717E12482325E4410082DEC6 /* ViewController.swift in Sources */ = {isa = PBXBuildFile; fileRef = 717E12472325E4410082DEC6 /* ViewController.swift */; };
		717E124B2325E4410082DEC6 /* Main.storyboard in Resources */ = {isa = PBXBuildFile; fileRef = 717E12492325E4410082DEC6 /* Main.storyboard */; };
		717E124D2325E4440082DEC6 /* Assets.xcassets in Resources */ = {isa = PBXBuildFile; fileRef = 717E124C2325E4440082DEC6 /* Assets.xcassets */; };
		717E12502325E4440082DEC6 /* LaunchScreen.storyboard in Resources */ = {isa = PBXBuildFile; fileRef = 717E124E2325E4440082DEC6 /* LaunchScreen.storyboard */; };
		717E125B2325E4440082DEC6 /* iCubeTestTests.swift in Sources */ = {isa = PBXBuildFile; fileRef = 717E125A2325E4440082DEC6 /* iCubeTestTests.swift */; };
		717E12662325E4440082DEC6 /* iCubeTestUITests.swift in Sources */ = {isa = PBXBuildFile; fileRef = 717E12652325E4440082DEC6 /* iCubeTestUITests.swift */; };
/* End PBXBuildFile section */

/* Begin PBXContainerItemProxy section */
		717E12572325E4440082DEC6 /* PBXContainerItemProxy */ = {
			isa = PBXContainerItemProxy;
			containerPortal = 717E123A2325E4410082DEC6 /* Project object */;
			proxyType = 1;
			remoteGlobalIDString = 717E12412325E4410082DEC6;
			remoteInfo = iCubeTest;
		};
		717E12622325E4440082DEC6 /* PBXContainerItemProxy */ = {
			isa = PBXContainerItemProxy;
			containerPortal = 717E123A2325E4410082DEC6 /* Project object */;
			proxyType = 1;
			remoteGlobalIDString = 717E12412325E4410082DEC6;
			remoteInfo = iCubeTest;
		};
/* End PBXContainerItemProxy section */

/* Begin PBXFileReference section */
		717E12422325E4410082DEC6 /* iCubeTest.app */ = {isa = PBXFileReference; explicitFileType = wrapper.application; includeInIndex = 0; path = iCubeTest.app; sourceTree = BUILT_PRODUCTS_DIR; };
		717E12452325E4410082DEC6 /* AppDelegate.swift */ = {isa = PBXFileReference; lastKnownFileType = sourcecode.swift; path = AppDelegate.swift; sourceTree = "<group>"; };
		717E12472325E4410082DEC6 /* ViewController.swift */ = {isa = PBXFileReference; lastKnownFileType = sourcecode.swift; path = ViewController.swift; sourceTree = "<group>"; };
		717E124A2325E4410082DEC6 /* Base */ = {isa = PBXFileReference; lastKnownFileType = file.storyboard; name = Base; path = Base.lproj/Main.storyboard; sourceTree = "<group>"; };
		717E124C2325E4440082DEC6 /* Assets.xcassets */ = {isa = PBXFileReference; lastKnownFileType = folder.assetcatalog; path = Assets.xcassets; sourceTree = "<group>"; };
		717E124F2325E4440082DEC6 /* Base */ = {isa = PBXFileReference; lastKnownFileType = file.storyboard; name = Base; path = Base.lproj/LaunchScreen.storyboard; sourceTree = "<group>"; };
		717E12512325E4440082DEC6 /* Info.plist */ = {isa = PBXFileReference; lastKnownFileType = text.plist.xml; path = Info.plist; sourceTree = "<group>"; };
		717E12562325E4440082DEC6 /* iCubeTestTests.xctest */ = {isa = PBXFileReference; explicitFileType = wrapper.cfbundle; includeInIndex = 0; path = iCubeTestTests.xctest; sourceTree = BUILT_PRODUCTS_DIR; };
		717E125A2325E4440082DEC6 /* iCubeTestTests.swift */ = {isa = PBXFileReference; lastKnownFileType = sourcecode.swift; path = iCubeTestTests.swift; sourceTree = "<group>"; };
		717E125C2325E4440082DEC6 /* Info.plist */ = {isa = PBXFileReference; lastKnownFileType = text.plist.xml; path = Info.plist; sourceTree = "<group>"; };
		717E12612325E4440082DEC6 /* iCubeTestUITests.xctest */ = {isa = PBXFileReference; explicitFileType = wrapper.cfbundle; includeInIndex = 0; path = iCubeTestUITests.xctest; sourceTree = BUILT_PRODUCTS_DIR; };
		717E12652325E4440082DEC6 /* iCubeTestUITests.swift */ = {isa = PBXFileReference; lastKnownFileType = sourcecode.swift; path = iCubeTestUITests.swift; sourceTree = "<group>"; };
		717E12672325E4440082DEC6 /* Info.plist */ = {isa = PBXFileReference; lastKnownFileType = text.plist.xml; path = Info.plist; sourceTree = "<group>"; };
/* End PBXFileReference section */

/* Begin PBXFrameworksBuildPhase section */
		717E123F2325E4410082DEC6 /* Frameworks */ = {
			isa = PBXFrameworksBuildPhase;
			buildActionMask = 2147483647;
			files = (
			);
			runOnlyForDeploymentPostprocessing = 0;
		};
		717E12532325E4440082DEC6 /* Frameworks */ = {
			isa = PBXFrameworksBuildPhase;
			buildActionMask = 2147483647;
			files = (
			);
			runOnlyForDeploymentPostprocessing = 0;
		};
		717E125E2325E4440082DEC6 /* Frameworks */ = {
			isa = PBXFrameworksBuildPhase;
			buildActionMask = 2147483647;
			files = (
			);
			runOnlyForDeploymentPostprocessing = 0;
		};
/* End PBXFrameworksBuildPhase section */

/* Begin PBXGroup section */
		717E12392325E4410082DEC6 = {
			isa = PBXGroup;
			children = (
				717E12442325E4410082DEC6 /* iCubeTest */,
				717E12592325E4440082DEC6 /* iCubeTestTests */,
				717E12642325E4440082DEC6 /* iCubeTestUITests */,
				717E12432325E4410082DEC6 /* Products */,
			);
			sourceTree = "<group>";
		};
		717E12432325E4410082DEC6 /* Products */ = {
			isa = PBXGroup;
			children = (
				717E12422325E4410082DEC6 /* iCubeTest.app */,
				717E12562325E4440082DEC6 /* iCubeTestTests.xctest */,
				717E12612325E4440082DEC6 /* iCubeTestUITests.xctest */,
			);
			name = Products;
			sourceTree = "<group>";
		};
		717E12442325E4410082DEC6 /* iCubeTest */ = {
			isa = PBXGroup;
			children = (
				717E12452325E4410082DEC6 /* AppDelegate.swift */,
				717E12472325E4410082DEC6 /* ViewController.swift */,
				717E12492325E4410082DEC6 /* Main.storyboard */,
				717E124C2325E4440082DEC6 /* Assets.xcassets */,
				717E124E2325E4440082DEC6 /* LaunchScreen.storyboard */,
				717E12512325E4440082DEC6 /* Info.plist */,
			);
			path = iCubeTest;
			sourceTree = "<group>";
		};
		717E12592325E4440082DEC6 /* iCubeTestTests */ = {
			isa = PBXGroup;
			children = (
				717E125A2325E4440082DEC6 /* iCubeTestTests.swift */,
				717E125C2325E4440082DEC6 /* Info.plist */,
			);
			path = iCubeTestTests;
			sourceTree = "<group>";
		};
		717E12642325E4440082DEC6 /* iCubeTestUITests */ = {
			isa = PBXGroup;
			children = (
				717E12652325E4440082DEC6 /* iCubeTestUITests.swift */,
				717E12672325E4440082DEC6 /* Info.plist */,
			);
			path = iCubeTestUITests;
			sourceTree = "<group>";
		};
/* End PBXGroup section */

/* Begin PBXNativeTarget section */
		717E12412325E4410082DEC6 /* iCubeTest */ = {
			isa = PBXNativeTarget;
			buildConfigurationList = 717E126A2325E4440082DEC6 /* Build configuration list for PBXNativeTarget "iCubeTest" */;
			buildPhases = (
				717E123E2325E4410082DEC6 /* Sources */,
				717E123F2325E4410082DEC6 /* Frameworks */,
				717E12402325E4410082DEC6 /* Resources */,
			);
			buildRules = (
			);
			dependencies = (
			);
			name = iCubeTest;
			productName = iCubeTest;
			productReference = 717E12422325E4410082DEC6 /* iCubeTest.app */;
			productType = "com.apple.product-type.application";
		};
		717E12552325E4440082DEC6 /* iCubeTestTests */ = {
			isa = PBXNativeTarget;
			buildConfigurationList = 717E126D2325E4440082DEC6 /* Build configuration list for PBXNativeTarget "iCubeTestTests" */;
			buildPhases = (
				717E12522325E4440082DEC6 /* Sources */,
				717E12532325E4440082DEC6 /* Frameworks */,
				717E12542325E4440082DEC6 /* Resources */,
			);
			buildRules = (
			);
			dependencies = (
				717E12582325E4440082DEC6 /* PBXTargetDependency */,
			);
			name = iCubeTestTests;
			productName = iCubeTestTests;
			productReference = 717E12562325E4440082DEC6 /* iCubeTestTests.xctest */;
			productType = "com.apple.product-type.bundle.unit-test";
		};
		717E12602325E4440082DEC6 /* iCubeTestUITests */ = {
			isa = PBXNativeTarget;
			buildConfigurationList = 717E12702325E4440082DEC6 /* Build configuration list for PBXNativeTarget "iCubeTestUITests" */;
			buildPhases = (
				717E125D2325E4440082DEC6 /* Sources */,
				717E125E2325E4440082DEC6 /* Frameworks */,
				717E125F2325E4440082DEC6 /* Resources */,
			);
			buildRules = (
			);
			dependencies = (
				717E12632325E4440082DEC6 /* PBXTargetDependency */,
			);
			name = iCubeTestUITests;
			productName = iCubeTestUITests;
			productReference = 717E12612325E4440082DEC6 /* iCubeTestUITests.xctest */;
			productType = "com.apple.product-type.bundle.ui-testing";
		};
/* End PBXNativeTarget section */

/* Begin PBXProject section */
		717E123A2325E4410082DEC6 /* Project object */ = {
			isa = PBXProject;
			attributes = {
				LastSwiftUpdateCheck = 1020;
				LastUpgradeCheck = 1020;
				ORGANIZATIONNAME = wirawan;
				TargetAttributes = {
					717E12412325E4410082DEC6 = {
						CreatedOnToolsVersion = 10.2.1;
					};
					717E12552325E4440082DEC6 = {
						CreatedOnToolsVersion = 10.2.1;
						TestTargetID = 717E12412325E4410082DEC6;
					};
					717E12602325E4440082DEC6 = {
						CreatedOnToolsVersion = 10.2.1;
						TestTargetID = 717E12412325E4410082DEC6;
					};
				};
			};
			buildConfigurationList = 717E123D2325E4410082DEC6 /* Build configuration list for PBXProject "iCubeTest" */;
			compatibilityVersion = "Xcode 9.3";
			developmentRegion = en;
			hasScannedForEncodings = 0;
			knownRegions = (
				en,
				Base,
			);
			mainGroup = 717E12392325E4410082DEC6;
			productRefGroup = 717E12432325E4410082DEC6 /* Products */;
			projectDirPath = "";
			projectRoot = "";
			targets = (
				717E12412325E4410082DEC6 /* iCubeTest */,
				717E12552325E4440082DEC6 /* iCubeTestTests */,
				717E12602325E4440082DEC6 /* iCubeTestUITests */,
			);
		};
/* End PBXProject section */

/* Begin PBXResourcesBuildPhase section */
		717E12402325E4410082DEC6 /* Resources */ = {
			isa = PBXResourcesBuildPhase;
			buildActionMask = 2147483647;
			files = (
				717E12502325E4440082DEC6 /* LaunchScreen.storyboard in Resources */,
				717E124D2325E4440082DEC6 /* Assets.xcassets in Resources */,
				717E124B2325E4410082DEC6 /* Main.storyboard in Resources */,
			);
			runOnlyForDeploymentPostprocessing = 0;
		};
		717E12542325E4440082DEC6 /* Resources */ = {
			isa = PBXResourcesBuildPhase;
			buildActionMask = 2147483647;
			files = (
			);
			runOnlyForDeploymentPostprocessing = 0;
		};
		717E125F2325E4440082DEC6 /* Resources */ = {
			isa = PBXResourcesBuildPhase;
			buildActionMask = 2147483647;
			files = (
			);
			runOnlyForDeploymentPostprocessing = 0;
		};
/* End PBXResourcesBuildPhase section */

/* Begin PBXSourcesBuildPhase section */
		717E123E2325E4410082DEC6 /* Sources */ = {
			isa = PBXSourcesBuildPhase;
			buildActionMask = 2147483647;
			files = (
				717E12482325E4410082DEC6 /* ViewController.swift in Sources */,
				717E12462325E4410082DEC6 /* AppDelegate.swift in Sources */,
			);
			runOnlyForDeploymentPostprocessing = 0;
		};
		717E12522325E4440082DEC6 /* Sources */ = {
			isa = PBXSourcesBuildPhase;
			buildActionMask = 2147483647;
			files = (
				717E125B2325E4440082DEC6 /* iCubeTestTests.swift in Sources */,
			);
			runOnlyForDeploymentPostprocessing = 0;
		};
		717E125D2325E4440082DEC6 /* Sources */ = {
			isa = PBXSourcesBuildPhase;
			buildActionMask = 2147483647;
			files = (
				717E12662325E4440082DEC6 /* iCubeTestUITests.swift in Sources */,
			);
			runOnlyForDeploymentPostprocessing = 0;
		};
/* End PBXSourcesBuildPhase section */

/* Begin PBXTargetDependency section */
		717E12582325E4440082DEC6 /* PBXTargetDependency */ = {
			isa = PBXTargetDependency;
			target = 717E12412325E4410082DEC6 /* iCubeTest */;
			targetProxy = 717E12572325E4440082DEC6 /* PBXContainerItemProxy */;
		};
		717E12632325E4440082DEC6 /* PBXTargetDependency */ = {
			isa = PBXTargetDependency;
			target = 717E12412325E4410082DEC6 /* iCubeTest */;
			targetProxy = 717E12622325E4440082DEC6 /* PBXContainerItemProxy */;
		};
/* End PBXTargetDependency section */

/* Begin PBXVariantGroup section */
		717E12492325E4410082DEC6 /* Main.storyboard */ = {
			isa = PBXVariantGroup;
			children = (
				717E124A2325E4410082DEC6 /* Base */,
			);
			name = Main.storyboard;
			sourceTree = "<group>";
		};
		717E124E2325E4440082DEC6 /* LaunchScreen.storyboard */ = {
			isa = PBXVariantGroup;
			children = (
				717E124F2325E4440082DEC6 /* Base */,
			);
			name = LaunchScreen.storyboard;
			sourceTree = "<group>";
		};
/* End PBXVariantGroup section */

/* Begin XCBuildConfiguration section */
		717E12682325E4440082DEC6 /* Debug */ = {
			isa = XCBuildConfiguration;
			buildSettings = {
				ALWAYS_SEARCH_USER_PATHS = NO;
				CLANG_ANALYZER_NONNULL = YES;
				CLANG_ANALYZER_NUMBER_OBJECT_CONVERSION = YES_AGGRESSIVE;
				CLANG_CXX_LANGUAGE_STANDARD = "gnu++14";
				CLANG_CXX_LIBRARY = "libc++";
				CLANG_ENABLE_MODULES = YES;
				CLANG_ENABLE_OBJC_ARC = YES;
				CLANG_ENABLE_OBJC_WEAK = YES;
				CLANG_WARN_BLOCK_CAPTURE_AUTORELEASING = YES;
				CLANG_WARN_BOOL_CONVERSION = YES;
				CLANG_WARN_COMMA = YES;
				CLANG_WARN_CONSTANT_CONVERSION = YES;
				CLANG_WARN_DEPRECATED_OBJC_IMPLEMENTATIONS = YES;
				CLANG_WARN_DIRECT_OBJC_ISA_USAGE = YES_ERROR;
				CLANG_WARN_DOCUMENTATION_COMMENTS = YES;
				CLANG_WARN_EMPTY_BODY = YES;
				CLANG_WARN_ENUM_CONVERSION = YES;
				CLANG_WARN_INFINITE_RECURSION = YES;
				CLANG_WARN_INT_CONVERSION = YES;
				CLANG_WARN_NON_LITERAL_NULL_CONVERSION = YES;
				CLANG_WARN_OBJC_IMPLICIT_RETAIN_SELF = YES;
				CLANG_WARN_OBJC_LITERAL_CONVERSION = YES;
				CLANG_WARN_OBJC_ROOT_CLASS = YES_ERROR;
				CLANG_WARN_RANGE_LOOP_ANALYSIS = YES;
				CLANG_WARN_STRICT_PROTOTYPES = YES;
				CLANG_WARN_SUSPICIOUS_MOVE = YES;
				CLANG_WARN_UNGUARDED_AVAILABILITY = YES_AGGRESSIVE;
				CLANG_WARN_UNREACHABLE_CODE = YES;
				CLANG_WARN__DUPLICATE_METHOD_MATCH = YES;
				CODE_SIGN_IDENTITY = "iPhone Developer";
				COPY_PHASE_STRIP = NO;
				DEBUG_INFORMATION_FORMAT = dwarf;
				ENABLE_STRICT_OBJC_MSGSEND = YES;
				ENABLE_TESTABILITY = YES;
				GCC_C_LANGUAGE_STANDARD = gnu11;
				GCC_DYNAMIC_NO_PIC = NO;
				GCC_NO_COMMON_BLOCKS = YES;
				GCC_OPTIMIZATION_LEVEL = 0;
				GCC_PREPROCESSOR_DEFINITIONS = (
					"DEBUG=1",
					"$(inherited)",
				);
				GCC_WARN_64_TO_32_BIT_CONVERSION = YES;
				GCC_WARN_ABOUT_RETURN_TYPE = YES_ERROR;
				GCC_WARN_UNDECLARED_SELECTOR = YES;
				GCC_WARN_UNINITIALIZED_AUTOS = YES_AGGRESSIVE;
				GCC_WARN_UNUSED_FUNCTION = YES;
				GCC_WARN_UNUSED_VARIABLE = YES;
				IPHONEOS_DEPLOYMENT_TARGET = 12.2;
				MTL_ENABLE_DEBUG_INFO = INCLUDE_SOURCE;
				MTL_FAST_MATH = YES;
				ONLY_ACTIVE_ARCH = YES;
				SDKROOT = iphoneos;
				SWIFT_ACTIVE_COMPILATION_CONDITIONS = DEBUG;
				SWIFT_OPTIMIZATION_LEVEL = "-Onone";
			};
			name = Debug;
		};
		717E12692325E4440082DEC6 /* Release */ = {
			isa = XCBuildConfiguration;
			buildSettings = {
				ALWAYS_SEARCH_USER_PATHS = NO;
				CLANG_ANALYZER_NONNULL = YES;
				CLANG_ANALYZER_NUMBER_OBJECT_CONVERSION = YES_AGGRESSIVE;
				CLANG_CXX_LANGUAGE_STANDARD = "gnu++14";
				CLANG_CXX_LIBRARY = "libc++";
				CLANG_ENABLE_MODULES = YES;
				CLANG_ENABLE_OBJC_ARC = YES;
				CLANG_ENABLE_OBJC_WEAK = YES;
				CLANG_WARN_BLOCK_CAPTURE_AUTORELEASING = YES;
				CLANG_WARN_BOOL_CONVERSION = YES;
				CLANG_WARN_COMMA = YES;
				CLANG_WARN_CONSTANT_CONVERSION = YES;
				CLANG_WARN_DEPRECATED_OBJC_IMPLEMENTATIONS = YES;
				CLANG_WARN_DIRECT_OBJC_ISA_USAGE = YES_ERROR;
				CLANG_WARN_DOCUMENTATION_COMMENTS = YES;
				CLANG_WARN_EMPTY_BODY = YES;
				CLANG_WARN_ENUM_CONVERSION = YES;
				CLANG_WARN_INFINITE_RECURSION = YES;
				CLANG_WARN_INT_CONVERSION = YES;
				CLANG_WARN_NON_LITERAL_NULL_CONVERSION = YES;
				CLANG_WARN_OBJC_IMPLICIT_RETAIN_SELF = YES;
				CLANG_WARN_OBJC_LITERAL_CONVERSION = YES;
				CLANG_WARN_OBJC_ROOT_CLASS = YES_ERROR;
				CLANG_WARN_RANGE_LOOP_ANALYSIS = YES;
				CLANG_WARN_STRICT_PROTOTYPES = YES;
				CLANG_WARN_SUSPICIOUS_MOVE = YES;
				CLANG_WARN_UNGUARDED_AVAILABILITY = YES_AGGRESSIVE;
				CLANG_WARN_UNREACHABLE_CODE = YES;
				CLANG_WARN__DUPLICATE_METHOD_MATCH = YES;
				CODE_SIGN_IDENTITY = "iPhone Developer";
				COPY_PHASE_STRIP = NO;
				DEBUG_INFORMATION_FORMAT = "dwarf-with-dsym";
				ENABLE_NS_ASSERTIONS = NO;
				ENABLE_STRICT_OBJC_MSGSEND = YES;
				GCC_C_LANGUAGE_STANDARD = gnu11;
				GCC_NO_COMMON_BLOCKS = YES;
				GCC_WARN_64_TO_32_BIT_CONVERSION = YES;
				GCC_WARN_ABOUT_RETURN_TYPE = YES_ERROR;
				GCC_WARN_UNDECLARED_SELECTOR = YES;
				GCC_WARN_UNINITIALIZED_AUTOS = YES_AGGRESSIVE;
				GCC_WARN_UNUSED_FUNCTION = YES;
				GCC_WARN_UNUSED_VARIABLE = YES;
				IPHONEOS_DEPLOYMENT_TARGET = 12.2;
				MTL_ENABLE_DEBUG_INFO = NO;
				MTL_FAST_MATH = YES;
				SDKROOT = iphoneos;
				SWIFT_COMPILATION_MODE = wholemodule;
				SWIFT_OPTIMIZATION_LEVEL = "-O";
				VALIDATE_PRODUCT = YES;
			};
			name = Release;
		};
		717E126B2325E4440082DEC6 /* Debug */ = {
			isa = XCBuildConfiguration;
			buildSettings = {
				ASSETCATALOG_COMPILER_APPICON_NAME = AppIcon;
				CODE_SIGN_STYLE = Automatic;
				INFOPLIST_FILE = iCubeTest/Info.plist;
				LD_RUNPATH_SEARCH_PATHS = (
					"$(inherited)",
					"@executable_path/Frameworks",
				);
				PRODUCT_BUNDLE_IDENTIFIER = wirawan.iCubeTest;
				PRODUCT_NAME = "$(TARGET_NAME)";
				SWIFT_VERSION = 5.0;
				TARGETED_DEVICE_FAMILY = "1,2";
			};
			name = Debug;
		};
		717E126C2325E4440082DEC6 /* Release */ = {
			isa = XCBuildConfiguration;
			buildSettings = {
				ASSETCATALOG_COMPILER_APPICON_NAME = AppIcon;
				CODE_SIGN_STYLE = Automatic;
				INFOPLIST_FILE = iCubeTest/Info.plist;
				LD_RUNPATH_SEARCH_PATHS = (
					"$(inherited)",
					"@executable_path/Frameworks",
				);
				PRODUCT_BUNDLE_IDENTIFIER = wirawan.iCubeTest;
				PRODUCT_NAME = "$(TARGET_NAME)";
				SWIFT_VERSION = 5.0;
				TARGETED_DEVICE_FAMILY = "1,2";
			};
			name = Release;
		};
		717E126E2325E4440082DEC6 /* Debug */ = {
			isa = XCBuildConfiguration;
			buildSettings = {
				ALWAYS_EMBED_SWIFT_STANDARD_LIBRARIES = YES;
				BUNDLE_LOADER = "$(TEST_HOST)";
				CODE_SIGN_STYLE = Automatic;
				INFOPLIST_FILE = iCubeTestTests/Info.plist;
				LD_RUNPATH_SEARCH_PATHS = (
					"$(inherited)",
					"@executable_path/Frameworks",
					"@loader_path/Frameworks",
				);
				PRODUCT_BUNDLE_IDENTIFIER = wirawan.iCubeTestTests;
				PRODUCT_NAME = "$(TARGET_NAME)";
				SWIFT_VERSION = 5.0;
				TARGETED_DEVICE_FAMILY = "1,2";
				TEST_HOST = "$(BUILT_PRODUCTS_DIR)/iCubeTest.app/iCubeTest";
			};
			name = Debug;
		};
		717E126F2325E4440082DEC6 /* Release */ = {
			isa = XCBuildConfiguration;
			buildSettings = {
				ALWAYS_EMBED_SWIFT_STANDARD_LIBRARIES = YES;
				BUNDLE_LOADER = "$(TEST_HOST)";
				CODE_SIGN_STYLE = Automatic;
				INFOPLIST_FILE = iCubeTestTests/Info.plist;
				LD_RUNPATH_SEARCH_PATHS = (
					"$(inherited)",
					"@executable_path/Frameworks",
					"@loader_path/Frameworks",
				);
				PRODUCT_BUNDLE_IDENTIFIER = wirawan.iCubeTestTests;
				PRODUCT_NAME = "$(TARGET_NAME)";
				SWIFT_VERSION = 5.0;
				TARGETED_DEVICE_FAMILY = "1,2";
				TEST_HOST = "$(BUILT_PRODUCTS_DIR)/iCubeTest.app/iCubeTest";
			};
			name = Release;
		};
		717E12712325E4440082DEC6 /* Debug */ = {
			isa = XCBuildConfiguration;
			buildSettings = {
				ALWAYS_EMBED_SWIFT_STANDARD_LIBRARIES = YES;
				CODE_SIGN_STYLE = Automatic;
				INFOPLIST_FILE = iCubeTestUITests/Info.plist;
				LD_RUNPATH_SEARCH_PATHS = (
					"$(inherited)",
					"@executable_path/Frameworks",
					"@loader_path/Frameworks",
				);
				PRODUCT_BUNDLE_IDENTIFIER = wirawan.iCubeTestUITests;
				PRODUCT_NAME = "$(TARGET_NAME)";
				SWIFT_VERSION = 5.0;
				TARGETED_DEVICE_FAMILY = "1,2";
				TEST_TARGET_NAME = iCubeTest;
			};
			name = Debug;
		};
		717E12722325E4440082DEC6 /* Release */ = {
			isa = XCBuildConfiguration;
			buildSettings = {
				ALWAYS_EMBED_SWIFT_STANDARD_LIBRARIES = YES;
				CODE_SIGN_STYLE = Automatic;
				INFOPLIST_FILE = iCubeTestUITests/Info.plist;
				LD_RUNPATH_SEARCH_PATHS = (
					"$(inherited)",
					"@executable_path/Frameworks",
					"@loader_path/Frameworks",
				);
				PRODUCT_BUNDLE_IDENTIFIER = wirawan.iCubeTestUITests;
				PRODUCT_NAME = "$(TARGET_NAME)";
				SWIFT_VERSION = 5.0;
				TARGETED_DEVICE_FAMILY = "1,2";
				TEST_TARGET_NAME = iCubeTest;
			};
			name = Release;
		};
/* End XCBuildConfiguration section */

/* Begin XCConfigurationList section */
		717E123D2325E4410082DEC6 /* Build configuration list for PBXProject "iCubeTest" */ = {
			isa = XCConfigurationList;
			buildConfigurations = (
				717E12682325E4440082DEC6 /* Debug */,
				717E12692325E4440082DEC6 /* Release */,
			);
			defaultConfigurationIsVisible = 0;
			defaultConfigurationName = Release;
		};
		717E126A2325E4440082DEC6 /* Build configuration list for PBXNativeTarget "iCubeTest" */ = {
			isa = XCConfigurationList;
			buildConfigurations = (
				717E126B2325E4440082DEC6 /* Debug */,
				717E126C2325E4440082DEC6 /* Release */,
			);
			defaultConfigurationIsVisible = 0;
			defaultConfigurationName = Release;
		};
		717E126D2325E4440082DEC6 /* Build configuration list for PBXNativeTarget "iCubeTestTests" */ = {
			isa = XCConfigurationList;
			buildConfigurations = (
				717E126E2325E4440082DEC6 /* Debug */,
				717E126F2325E4440082DEC6 /* Release */,
			);
			defaultConfigurationIsVisible = 0;
			defaultConfigurationName = Release;
		};
		717E12702325E4440082DEC6 /* Build configuration list for PBXNativeTarget "iCubeTestUITests" */ = {
			isa = XCConfigurationList;
			buildConfigurations = (
				717E12712325E4440082DEC6 /* Debug */,
				717E12722325E4440082DEC6 /* Release */,
			);
			defaultConfigurationIsVisible = 0;
			defaultConfigurationName = Release;
		};
/* End XCConfigurationList section */
	};
	rootObject = 717E123A2325E4410082DEC6 /* Project object */;
}
